github.com/emirpasic/gods v1.12.0 h1:QAUIPSaCu4G+POclxeqb3F+WPpdKqFGlw36+yOzGlrg=
github.com/emirpasic/gods v1.12.0/go.mod h1:YfzfFFoVP/catgzJb4IKIqXjX78Ha8FMSDh3ymbK86o=
github.com/muzykantov/orderbook v0.0.0-20190314143358-f93a3deda343 h1:SfwgTZV1FtAXl8s5pldiYEqmnNv5Ky/M4ADPJfq3erk=
github.com/muzykantov/orderbook v0.0.0-20190314143358-f93a3deda343/go.mod h1:nLzKzyppN+VryotnvlBG4xtnr8l10wWCoVZwFQYoyH8=
github.com/shopspring/decimal v1.2.0 h1:abSATXmQEYyShuxI4/vyW3tV1MrKAJzCZ/0zLUXYbsQ=
github.com/shopspring/decimal v1.2.0/go.mod h1:DKyhrW/HYNuLGql+MJL6WCR6knT2jwCFRcu2hWCYk4o=
