github.com/NguyenHoaiPhuong/Go-Web-Dev v0.0.0-20200306071015-4a37ab4827b2 h1:bUze7bu9dWzbuoX15Yuujqga2X6hHApEZXzLQXH0DHg=
github.com/pkg/errors v0.9.1 h1:FEBLx1zS214owpjy7qsBeixbURkuhQAwrK5UwLGTwt4=
github.com/pkg/errors v0.9.1/go.mod h1:bwawxfHBFNV+L2hUp1rHADufV3IMtnDRdf1r5NINEl0=
github.com/rollbar/rollbar-go v1.2.0 h1:CUanFtVu0sa3QZ/fBlgevdGQGLWaE3D4HxoVSQohDfo=
github.com/rollbar/rollbar-go v1.2.0/go.mod h1:czC86b8U4xdUH7W2C6gomi2jutLm8qK0OtrF5WMvpcc=
github.com/streadway/amqp v0.0.0-20200108173154-1c71cc93ed71 h1:2MR0pKUzlP3SGgj5NYJe/zRYDwOu9ku6YHy+Iw7l5DM=
github.com/streadway/amqp v0.0.0-20200108173154-1c71cc93ed71/go.mod h1:AZpEONHx3DKn8O/DFsRAY58/XVQiIPMTMB1SddzLXVw=
